{
  "version": 4,
  "terraform_version": "1.3.4",
  "serial": 3,
  "lineage": "580d6f2e-d7e8-62be-9f89-c5c83625eea4",
  "outputs": {},
  "resources": [
    {
      "mode": "managed",
      "type": "aws_internet_gateway",
      "name": "main",
      "provider": "provider[\"registry.terraform.io/hashicorp/aws\"]",
      "instances": [
        {
          "schema_version": 0,
          "attributes": {
            "arn": "arn:aws:ec2:ap-northeast-1:443815146287:internet-gateway/igw-0c499b0e5b57f78fa",
            "id": "igw-0c499b0e5b57f78fa",
            "owner_id": "443815146287",
            "tags": {
              "Environment": "stg",
              "Name": "venus-stg-igw",
              "Product": "venus"
            },
            "tags_all": {
              "Environment": "stg",
              "Name": "venus-stg-igw",
              "Product": "venus"
            },
            "timeouts": null,
            "vpc_id": "vpc-096e010c38f324b2f"
          },
          "sensitive_attributes": [],
          "private": "eyJlMmJmYjczMC1lY2FhLTExZTYtOGY4OC0zNDM2M2JjN2M0YzAiOnsiY3JlYXRlIjoxMjAwMDAwMDAwMDAwLCJkZWxldGUiOjEyMDAwMDAwMDAwMDAsInVwZGF0ZSI6MTIwMDAwMDAwMDAwMH19",
          "dependencies": [
            "aws_vpc.main"
          ]
        }
      ]
    },
    {
      "mode": "managed",
      "type": "aws_vpc",
      "name": "main",
      "provider": "provider[\"registry.terraform.io/hashicorp/aws\"]",
      "instances": [
        {
          "schema_version": 1,
          "attributes": {
            "arn": "arn:aws:ec2:ap-northeast-1:443815146287:vpc/vpc-096e010c38f324b2f",
            "assign_generated_ipv6_cidr_block": false,
            "cidr_block": "10.0.0.0/16",
            "default_network_acl_id": "acl-0c79f1ddc00ef05fc",
            "default_route_table_id": "rtb-01642b3aaaa6429e1",
            "default_security_group_id": "sg-05c4ed1a6db03f418",
            "dhcp_options_id": "dopt-0385f39f414992893",
            "enable_classiclink": false,
            "enable_classiclink_dns_support": false,
            "enable_dns_hostnames": false,
            "enable_dns_support": true,
            "enable_network_address_usage_metrics": false,
            "id": "vpc-096e010c38f324b2f",
            "instance_tenancy": "default",
            "ipv4_ipam_pool_id": null,
            "ipv4_netmask_length": null,
            "ipv6_association_id": "",
            "ipv6_cidr_block": "",
            "ipv6_cidr_block_network_border_group": "",
            "ipv6_ipam_pool_id": "",
            "ipv6_netmask_length": 0,
            "main_route_table_id": "rtb-01642b3aaaa6429e1",
            "owner_id": "443815146287",
            "tags": {
              "Environment": "stg",
              "Name": "venus-stg-vpc",
              "Product": "venus"
            },
            "tags_all": {
              "Environment": "stg",
              "Name": "venus-stg-vpc",
              "Product": "venus"
            }
          },
          "sensitive_attributes": [],
          "private": "eyJzY2hlbWFfdmVyc2lvbiI6IjEifQ=="
        }
      ]
    }
  ],
  "check_results": null
}
